# This file is autogenerated, do not edit; changes may be undone by the next 'dep ensure'.


[[projects]]
  branch = "master"
  digest = "1:37489162f3daefcea8fded094c94da3ebfbdc79c5cd40ea6e4b267ab7d35d01b"
  name = "github.com/fromanirh/varlink-go"
  packages = [
    "varlink",
    "varlink/internal/ctxio",
  ]
  pruneopts = "T"
  revision = "a8e990bd4fe0719c3329e980c5d7a3e86a3e69e1"

[[projects]]
  digest = "1:870d441fe217b8e689d7949fef6e43efbc787e50f200cb1e70dbca9204a1d6be"
  name = "github.com/inconshreveable/mousetrap"
  packages = ["."]
  pruneopts = "T"
  revision = "76626ae9c91c4f2a10f34cad8ce83ea42c93bb75"
  version = "v1.0"

[[projects]]
  digest = "1:cf31692c14422fa27c83a05292eb5cbe0fb2775972e8f1f8446a71549bd8980b"
  name = "github.com/pkg/errors"
  packages = ["."]
  pruneopts = "T"
  revision = "ba968bfe8b2f7e042a574c888954fccecfa385b4"
  version = "v0.8.1"

[[projects]]
  digest = "1:0d40f08f9f1d486f6c56a0cb0d50f28ee1d216497adb7ea060b6dfe9587a2a3d"
  name = "github.com/spf13/cobra"
  packages = ["."]
  pruneopts = "T"
  revision = "f2b07da1e2c38d5f12845a4f607e2e1018cbb1f5"
  version = "v0.0.5"

[[projects]]
  digest = "1:b9ab7e761cae4fe0e7d82fff001e2cb618d30ce5d9129bb074ebf1d847791bde"
  name = "github.com/spf13/pflag"
  packages = ["."]
  pruneopts = "T"
  revision = "2e9d26c8c37aae03e3f9d4e90b7116f5accb7cab"
  version = "v1.0.5"

[[projects]]
  branch = "master"
  digest = "1:187f1343e4ea5fb69112fde94424866eb4595cd27e84369ab52457a1d8a7395a"
  name = "github.com/varlink/go"
  packages = [
    "varlink",
    "varlink/internal/ctxio",
  ]
  pruneopts = "T"
  revision = "4ecdbb8a36c22a58d1eff62e05bc0096ea104d0f"

[[projects]]
  digest = "1:91ace4ffadb383ae72769300b47e5174f7a31f6f440f3ca1a2169956e56dc3d0"
  name = "golang.org/x/crypto"
  packages = [
    "curve25519",
    "ed25519",
    "ed25519/internal/edwards25519",
    "internal/chacha20",
    "internal/subtle",
    "poly1305",
    "ssh",
    "ssh/terminal",
  ]
  pruneopts = "T"
  revision = "5c40567a22f818bd14a1ea7245dad9f8ef0691aa"

[[projects]]
  branch = "master"
  digest = "1:60d5a54b4fee60b8cc47ed622a6b75bc811037ee89c264325e8319c2f1092fbc"
  name = "golang.org/x/sys"
  packages = [
    "cpu",
    "unix",
    "windows",
  ]
  pruneopts = "T"
  revision = "c1f44814a5cd81a6d1cb589ef1e528bc5d305e07"

[solve-meta]
  analyzer-name = "dep"
  analyzer-version = 1
  input-imports = [
    "github.com/fromanirh/varlink-go/varlink",
    "github.com/pkg/errors",
    "github.com/spf13/cobra",
    "github.com/spf13/pflag",
    "github.com/varlink/go/varlink",
    "golang.org/x/crypto/ssh",
    "golang.org/x/crypto/ssh/terminal",
  ]
  solver-name = "gps-cdcl"
  solver-version = 1